
Microsoft Visual Studio Solution File, Format Version 12.00
# Visual Studio 15
VisualStudioVersion = 15.0.28307.136
MinimumVisualStudioVersion = 10.0.40219.1
Project("{FAE04EC0-301F-11D3-BF4B-00C04F79EFBC}") = "StrategyPattern", "StrategyPattern\StrategyPattern.csproj", "{E02C6979-0C11-4793-9F90-FC62ACA31BD6}"
EndProject
Project("{FAE04EC0-301F-11D3-BF4B-00C04F79EFBC}") = "ObserverPattern", "ObserverPattern\ObserverPattern.csproj", "{849B0D26-A630-452B-9054-6109FB61F857}"
EndProject
Project("{FAE04EC0-301F-11D3-BF4B-00C04F79EFBC}") = "FactoryPattern", "FactoryPattern\FactoryPattern.csproj", "{C6CEF17B-0408-434B-9983-3F5057771902}"
EndProject
Project("{FAE04EC0-301F-11D3-BF4B-00C04F79EFBC}") = "AbstractFactoryPattern", "AbstractFactoryPattern\AbstractFactoryPattern.csproj", "{8BABFC59-AC94-4A11-B8E6-1575D9B3D3C6}"
EndProject
Project("{FAE04EC0-301F-11D3-BF4B-00C04F79EFBC}") = "SingletonPattern", "SingletonPattern\SingletonPattern.csproj", "{382F00F8-31B6-44BD-A059-B3E10E25B975}"
EndProject
Global
	GlobalSection(SolutionConfigurationPlatforms) = preSolution
		Debug|Any CPU = Debug|Any CPU
		Release|Any CPU = Release|Any CPU
	EndGlobalSection
	GlobalSection(ProjectConfigurationPlatforms) = postSolution
		{E02C6979-0C11-4793-9F90-FC62ACA31BD6}.Debug|Any CPU.ActiveCfg = Debug|Any CPU
		{E02C6979-0C11-4793-9F90-FC62ACA31BD6}.Debug|Any CPU.Build.0 = Debug|Any CPU
		{E02C6979-0C11-4793-9F90-FC62ACA31BD6}.Release|Any CPU.ActiveCfg = Release|Any CPU
		{E02C6979-0C11-4793-9F90-FC62ACA31BD6}.Release|Any CPU.Build.0 = Release|Any CPU
		{849B0D26-A630-452B-9054-6109FB61F857}.Debug|Any CPU.ActiveCfg = Debug|Any CPU
		{849B0D26-A630-452B-9054-6109FB61F857}.Debug|Any CPU.Build.0 = Debug|Any CPU
		{849B0D26-A630-452B-9054-6109FB61F857}.Release|Any CPU.ActiveCfg = Release|Any CPU
		{849B0D26-A630-452B-9054-6109FB61F857}.Release|Any CPU.Build.0 = Release|Any CPU
		{C6CEF17B-0408-434B-9983-3F5057771902}.Debug|Any CPU.ActiveCfg = Debug|Any CPU
		{C6CEF17B-0408-434B-9983-3F5057771902}.Debug|Any CPU.Build.0 = Debug|Any CPU
		{C6CEF17B-0408-434B-9983-3F5057771902}.Release|Any CPU.ActiveCfg = Release|Any CPU
		{C6CEF17B-0408-434B-9983-3F5057771902}.Release|Any CPU.Build.0 = Release|Any CPU
		{8BABFC59-AC94-4A11-B8E6-1575D9B3D3C6}.Debug|Any CPU.ActiveCfg = Debug|Any CPU
		{8BABFC59-AC94-4A11-B8E6-1575D9B3D3C6}.Debug|Any CPU.Build.0 = Debug|Any CPU
		{8BABFC59-AC94-4A11-B8E6-1575D9B3D3C6}.Release|Any CPU.ActiveCfg = Release|Any CPU
		{8BABFC59-AC94-4A11-B8E6-1575D9B3D3C6}.Release|Any CPU.Build.0 = Release|Any CPU
		{382F00F8-31B6-44BD-A059-B3E10E25B975}.Debug|Any CPU.ActiveCfg = Debug|Any CPU
		{382F00F8-31B6-44BD-A059-B3E10E25B975}.Debug|Any CPU.Build.0 = Debug|Any CPU
		{382F00F8-31B6-44BD-A059-B3E10E25B975}.Release|Any CPU.ActiveCfg = Release|Any CPU
		{382F00F8-31B6-44BD-A059-B3E10E25B975}.Release|Any CPU.Build.0 = Release|Any CPU
	EndGlobalSection
	GlobalSection(SolutionProperties) = preSolution
		HideSolutionNode = FALSE
	EndGlobalSection
	GlobalSection(ExtensibilityGlobals) = postSolution
		SolutionGuid = {9CF9A71C-0EB7-47F6-9130-12146090FF18}
	EndGlobalSection
EndGlobal
